
Microsoft Visual Studio Solution File, Format Version 12.00
# Visual Studio Version 17
VisualStudioVersion = 17.12.35323.107
MinimumVisualStudioVersion = 10.0.40219.1
Project("{FAE04EC0-301F-11D3-BF4B-00C04F79EFBC}") = "TicketSalesApp.UI.Avalonia", "TicketSalesApp.UI.Avalonia\TicketSalesApp.UI.Avalonia.csproj", "{C4B6D79E-E105-415D-9C0F-1E22A39B4428}"
EndProject
Project("{FAE04EC0-301F-11D3-BF4B-00C04F79EFBC}") = "TicketSalesApp.Core", "TicketSalesApp.Core\TicketSalesApp.Core.csproj", "{3048B295-F660-42D4-829E-2A920D0BB0B4}"
EndProject
Project("{FAE04EC0-301F-11D3-BF4B-00C04F79EFBC}") = "TicketSalesApp.Services", "TicketSalesApp.Services\TicketSalesApp.Services.csproj", "{EBEEF00C-C72D-4A35-AF76-689A3C7BC1B1}"
EndProject
Project("{FAE04EC0-301F-11D3-BF4B-00C04F79EFBC}") = "TicketSalesApp.AdminServer", "TicketSalesApp.AdminServer\TicketSalesApp.AdminServer.csproj", "{BA7308AF-1506-4369-8F7F-32E3574B5313}"
EndProject
Project("{FAE04EC0-301F-11D3-BF4B-00C04F79EFBC}") = "TicketSalesApp.UI.Administration.Avalonia", "TicketSalesApp.UI.Administration.Avalonia\TicketSalesApp.UI.Administration.Avalonia.csproj", "{54375997-44B5-4CE0-AE45-D3DC6037E727}"
EndProject
Project("{FAE04EC0-301F-11D3-BF4B-00C04F79EFBC}") = "TicketSalesApp.UI.LegacyForms.DX.Windows", "TicketSalesApp.UI.LegacyForms.DX.Windows\TicketSalesApp.UI.LegacyForms.DX.Windows.csproj", "{69725F72-088D-42CC-A87B-6A493A31EB92}"
EndProject
Project("{FAE04EC0-301F-11D3-BF4B-00C04F79EFBC}") = "TicketSalesApp.Core.Legacy", "TicketSalesApp.Core.Legacy\TicketSalesApp.Core.Legacy.csproj", "{B334C1DD-62C8-64BF-2554-8A7FF500B772}"
EndProject
Project("{FAE04EC0-301F-11D3-BF4B-00C04F79EFBC}") = "SuperNova", "SuperNova\SuperNova.csproj", "{6E0CE4A9-6B86-908E-5968-8BCF84ABFCE2}"
EndProject
Project("{FAE04EC0-301F-11D3-BF4B-00C04F79EFBC}") = "SuperNova.Desktop", "SuperNova.Desktop\SuperNova.Desktop.csproj", "{A03F3047-76B2-A544-8D18-A41F178A4F16}"
EndProject
Project("{FAE04EC0-301F-11D3-BF4B-00C04F79EFBC}") = "SuperNova.Runtime", "SuperNova.Runtime\SuperNova.Runtime.csproj", "{C16F9768-2D5F-B38D-4635-10BB39496463}"
EndProject
Project("{FAE04EC0-301F-11D3-BF4B-00C04F79EFBC}") = "SuperNova.Standalone", "SuperNova.Standalone\SuperNova.Standalone.csproj", "{5781B635-F894-F48D-8595-00A44E3D23BD}"
EndProject
Global
	GlobalSection(SolutionConfigurationPlatforms) = preSolution
		Debug|Any CPU = Debug|Any CPU
		Debug|x64 = Debug|x64
		Debug|x86 = Debug|x86
		DebugXP|Any CPU = DebugXP|Any CPU
		DebugXP|x64 = DebugXP|x64
		DebugXP|x86 = DebugXP|x86
		Release|Any CPU = Release|Any CPU
		Release|x64 = Release|x64
		Release|x86 = Release|x86
		ReleaseXP|Any CPU = ReleaseXP|Any CPU
		ReleaseXP|x64 = ReleaseXP|x64
		ReleaseXP|x86 = ReleaseXP|x86
	EndGlobalSection
	GlobalSection(ProjectConfigurationPlatforms) = postSolution
		{C4B6D79E-E105-415D-9C0F-1E22A39B4428}.Debug|Any CPU.ActiveCfg = Debug|Any CPU
		{C4B6D79E-E105-415D-9C0F-1E22A39B4428}.Debug|Any CPU.Build.0 = Debug|Any CPU
		{C4B6D79E-E105-415D-9C0F-1E22A39B4428}.Debug|x64.ActiveCfg = Debug|Any CPU
		{C4B6D79E-E105-415D-9C0F-1E22A39B4428}.Debug|x64.Build.0 = Debug|Any CPU
		{C4B6D79E-E105-415D-9C0F-1E22A39B4428}.Debug|x86.ActiveCfg = Debug|Any CPU
		{C4B6D79E-E105-415D-9C0F-1E22A39B4428}.Debug|x86.Build.0 = Debug|Any CPU
		{C4B6D79E-E105-415D-9C0F-1E22A39B4428}.DebugXP|Any CPU.ActiveCfg = DebugXP|Any CPU
		{C4B6D79E-E105-415D-9C0F-1E22A39B4428}.DebugXP|Any CPU.Build.0 = DebugXP|Any CPU
		{C4B6D79E-E105-415D-9C0F-1E22A39B4428}.DebugXP|x64.ActiveCfg = DebugXP|Any CPU
		{C4B6D79E-E105-415D-9C0F-1E22A39B4428}.DebugXP|x64.Build.0 = DebugXP|Any CPU
		{C4B6D79E-E105-415D-9C0F-1E22A39B4428}.DebugXP|x86.ActiveCfg = DebugXP|Any CPU
		{C4B6D79E-E105-415D-9C0F-1E22A39B4428}.DebugXP|x86.Build.0 = DebugXP|Any CPU
		{C4B6D79E-E105-415D-9C0F-1E22A39B4428}.Release|Any CPU.ActiveCfg = Release|Any CPU
		{C4B6D79E-E105-415D-9C0F-1E22A39B4428}.Release|Any CPU.Build.0 = Release|Any CPU
		{C4B6D79E-E105-415D-9C0F-1E22A39B4428}.Release|x64.ActiveCfg = Release|Any CPU
		{C4B6D79E-E105-415D-9C0F-1E22A39B4428}.Release|x64.Build.0 = Release|Any CPU
		{C4B6D79E-E105-415D-9C0F-1E22A39B4428}.Release|x86.ActiveCfg = Release|Any CPU
		{C4B6D79E-E105-415D-9C0F-1E22A39B4428}.Release|x86.Build.0 = Release|Any CPU
		{C4B6D79E-E105-415D-9C0F-1E22A39B4428}.ReleaseXP|Any CPU.ActiveCfg = ReleaseXP|Any CPU
		{C4B6D79E-E105-415D-9C0F-1E22A39B4428}.ReleaseXP|Any CPU.Build.0 = ReleaseXP|Any CPU
		{C4B6D79E-E105-415D-9C0F-1E22A39B4428}.ReleaseXP|x64.ActiveCfg = ReleaseXP|Any CPU
		{C4B6D79E-E105-415D-9C0F-1E22A39B4428}.ReleaseXP|x64.Build.0 = ReleaseXP|Any CPU
		{C4B6D79E-E105-415D-9C0F-1E22A39B4428}.ReleaseXP|x86.ActiveCfg = ReleaseXP|Any CPU
		{C4B6D79E-E105-415D-9C0F-1E22A39B4428}.ReleaseXP|x86.Build.0 = ReleaseXP|Any CPU
		{3048B295-F660-42D4-829E-2A920D0BB0B4}.Debug|Any CPU.ActiveCfg = Debug|Any CPU
		{3048B295-F660-42D4-829E-2A920D0BB0B4}.Debug|Any CPU.Build.0 = Debug|Any CPU
		{3048B295-F660-42D4-829E-2A920D0BB0B4}.Debug|x64.ActiveCfg = Debug|Any CPU
		{3048B295-F660-42D4-829E-2A920D0BB0B4}.Debug|x64.Build.0 = Debug|Any CPU
		{3048B295-F660-42D4-829E-2A920D0BB0B4}.Debug|x86.ActiveCfg = Debug|Any CPU
		{3048B295-F660-42D4-829E-2A920D0BB0B4}.Debug|x86.Build.0 = Debug|Any CPU
		{3048B295-F660-42D4-829E-2A920D0BB0B4}.DebugXP|Any CPU.ActiveCfg = DebugXP|Any CPU
		{3048B295-F660-42D4-829E-2A920D0BB0B4}.DebugXP|Any CPU.Build.0 = DebugXP|Any CPU
		{3048B295-F660-42D4-829E-2A920D0BB0B4}.DebugXP|x64.ActiveCfg = DebugXP|Any CPU
		{3048B295-F660-42D4-829E-2A920D0BB0B4}.DebugXP|x64.Build.0 = DebugXP|Any CPU
		{3048B295-F660-42D4-829E-2A920D0BB0B4}.DebugXP|x86.ActiveCfg = DebugXP|Any CPU
		{3048B295-F660-42D4-829E-2A920D0BB0B4}.DebugXP|x86.Build.0 = DebugXP|Any CPU
		{3048B295-F660-42D4-829E-2A920D0BB0B4}.Release|Any CPU.ActiveCfg = Release|Any CPU
		{3048B295-F660-42D4-829E-2A920D0BB0B4}.Release|Any CPU.Build.0 = Release|Any CPU
		{3048B295-F660-42D4-829E-2A920D0BB0B4}.Release|x64.ActiveCfg = Release|Any CPU
		{3048B295-F660-42D4-829E-2A920D0BB0B4}.Release|x64.Build.0 = Release|Any CPU
		{3048B295-F660-42D4-829E-2A920D0BB0B4}.Release|x86.ActiveCfg = Release|Any CPU
		{3048B295-F660-42D4-829E-2A920D0BB0B4}.Release|x86.Build.0 = Release|Any CPU
		{3048B295-F660-42D4-829E-2A920D0BB0B4}.ReleaseXP|Any CPU.ActiveCfg = ReleaseXP|Any CPU
		{3048B295-F660-42D4-829E-2A920D0BB0B4}.ReleaseXP|Any CPU.Build.0 = ReleaseXP|Any CPU
		{3048B295-F660-42D4-829E-2A920D0BB0B4}.ReleaseXP|x64.ActiveCfg = ReleaseXP|Any CPU
		{3048B295-F660-42D4-829E-2A920D0BB0B4}.ReleaseXP|x64.Build.0 = ReleaseXP|Any CPU
		{3048B295-F660-42D4-829E-2A920D0BB0B4}.ReleaseXP|x86.ActiveCfg = ReleaseXP|Any CPU
		{3048B295-F660-42D4-829E-2A920D0BB0B4}.ReleaseXP|x86.Build.0 = ReleaseXP|Any CPU
		{EBEEF00C-C72D-4A35-AF76-689A3C7BC1B1}.Debug|Any CPU.ActiveCfg = Debug|Any CPU
		{EBEEF00C-C72D-4A35-AF76-689A3C7BC1B1}.Debug|Any CPU.Build.0 = Debug|Any CPU
		{EBEEF00C-C72D-4A35-AF76-689A3C7BC1B1}.Debug|x64.ActiveCfg = Debug|Any CPU
		{EBEEF00C-C72D-4A35-AF76-689A3C7BC1B1}.Debug|x64.Build.0 = Debug|Any CPU
		{EBEEF00C-C72D-4A35-AF76-689A3C7BC1B1}.Debug|x86.ActiveCfg = Debug|Any CPU
		{EBEEF00C-C72D-4A35-AF76-689A3C7BC1B1}.Debug|x86.Build.0 = Debug|Any CPU
		{EBEEF00C-C72D-4A35-AF76-689A3C7BC1B1}.DebugXP|Any CPU.ActiveCfg = DebugXP|Any CPU
		{EBEEF00C-C72D-4A35-AF76-689A3C7BC1B1}.DebugXP|Any CPU.Build.0 = DebugXP|Any CPU
		{EBEEF00C-C72D-4A35-AF76-689A3C7BC1B1}.DebugXP|x64.ActiveCfg = DebugXP|Any CPU
		{EBEEF00C-C72D-4A35-AF76-689A3C7BC1B1}.DebugXP|x64.Build.0 = DebugXP|Any CPU
		{EBEEF00C-C72D-4A35-AF76-689A3C7BC1B1}.DebugXP|x86.ActiveCfg = DebugXP|Any CPU
		{EBEEF00C-C72D-4A35-AF76-689A3C7BC1B1}.DebugXP|x86.Build.0 = DebugXP|Any CPU
		{EBEEF00C-C72D-4A35-AF76-689A3C7BC1B1}.Release|Any CPU.ActiveCfg = Release|Any CPU
		{EBEEF00C-C72D-4A35-AF76-689A3C7BC1B1}.Release|Any CPU.Build.0 = Release|Any CPU
		{EBEEF00C-C72D-4A35-AF76-689A3C7BC1B1}.Release|x64.ActiveCfg = Release|Any CPU
		{EBEEF00C-C72D-4A35-AF76-689A3C7BC1B1}.Release|x64.Build.0 = Release|Any CPU
		{EBEEF00C-C72D-4A35-AF76-689A3C7BC1B1}.Release|x86.ActiveCfg = Release|Any CPU
		{EBEEF00C-C72D-4A35-AF76-689A3C7BC1B1}.Release|x86.Build.0 = Release|Any CPU
		{EBEEF00C-C72D-4A35-AF76-689A3C7BC1B1}.ReleaseXP|Any CPU.ActiveCfg = ReleaseXP|Any CPU
		{EBEEF00C-C72D-4A35-AF76-689A3C7BC1B1}.ReleaseXP|Any CPU.Build.0 = ReleaseXP|Any CPU
		{EBEEF00C-C72D-4A35-AF76-689A3C7BC1B1}.ReleaseXP|x64.ActiveCfg = ReleaseXP|Any CPU
		{EBEEF00C-C72D-4A35-AF76-689A3C7BC1B1}.ReleaseXP|x64.Build.0 = ReleaseXP|Any CPU
		{EBEEF00C-C72D-4A35-AF76-689A3C7BC1B1}.ReleaseXP|x86.ActiveCfg = ReleaseXP|Any CPU
		{EBEEF00C-C72D-4A35-AF76-689A3C7BC1B1}.ReleaseXP|x86.Build.0 = ReleaseXP|Any CPU
		{BA7308AF-1506-4369-8F7F-32E3574B5313}.Debug|Any CPU.ActiveCfg = Debug|Any CPU
		{BA7308AF-1506-4369-8F7F-32E3574B5313}.Debug|Any CPU.Build.0 = Debug|Any CPU
		{BA7308AF-1506-4369-8F7F-32E3574B5313}.Debug|x64.ActiveCfg = Debug|Any CPU
		{BA7308AF-1506-4369-8F7F-32E3574B5313}.Debug|x64.Build.0 = Debug|Any CPU
		{BA7308AF-1506-4369-8F7F-32E3574B5313}.Debug|x86.ActiveCfg = Debug|Any CPU
		{BA7308AF-1506-4369-8F7F-32E3574B5313}.Debug|x86.Build.0 = Debug|Any CPU
		{BA7308AF-1506-4369-8F7F-32E3574B5313}.DebugXP|Any CPU.ActiveCfg = DebugXP|Any CPU
		{BA7308AF-1506-4369-8F7F-32E3574B5313}.DebugXP|Any CPU.Build.0 = DebugXP|Any CPU
		{BA7308AF-1506-4369-8F7F-32E3574B5313}.DebugXP|x64.ActiveCfg = DebugXP|Any CPU
		{BA7308AF-1506-4369-8F7F-32E3574B5313}.DebugXP|x64.Build.0 = DebugXP|Any CPU
		{BA7308AF-1506-4369-8F7F-32E3574B5313}.DebugXP|x86.ActiveCfg = DebugXP|Any CPU
		{BA7308AF-1506-4369-8F7F-32E3574B5313}.DebugXP|x86.Build.0 = DebugXP|Any CPU
		{BA7308AF-1506-4369-8F7F-32E3574B5313}.Release|Any CPU.ActiveCfg = Release|Any CPU
		{BA7308AF-1506-4369-8F7F-32E3574B5313}.Release|Any CPU.Build.0 = Release|Any CPU
		{BA7308AF-1506-4369-8F7F-32E3574B5313}.Release|x64.ActiveCfg = Release|Any CPU
		{BA7308AF-1506-4369-8F7F-32E3574B5313}.Release|x64.Build.0 = Release|Any CPU
		{BA7308AF-1506-4369-8F7F-32E3574B5313}.Release|x86.ActiveCfg = Release|Any CPU
		{BA7308AF-1506-4369-8F7F-32E3574B5313}.Release|x86.Build.0 = Release|Any CPU
		{BA7308AF-1506-4369-8F7F-32E3574B5313}.ReleaseXP|Any CPU.ActiveCfg = ReleaseXP|Any CPU
		{BA7308AF-1506-4369-8F7F-32E3574B5313}.ReleaseXP|Any CPU.Build.0 = ReleaseXP|Any CPU
		{BA7308AF-1506-4369-8F7F-32E3574B5313}.ReleaseXP|x64.ActiveCfg = ReleaseXP|Any CPU
		{BA7308AF-1506-4369-8F7F-32E3574B5313}.ReleaseXP|x64.Build.0 = ReleaseXP|Any CPU
		{BA7308AF-1506-4369-8F7F-32E3574B5313}.ReleaseXP|x86.ActiveCfg = ReleaseXP|Any CPU
		{BA7308AF-1506-4369-8F7F-32E3574B5313}.ReleaseXP|x86.Build.0 = ReleaseXP|Any CPU
		{54375997-44B5-4CE0-AE45-D3DC6037E727}.Debug|Any CPU.ActiveCfg = Debug|Any CPU
		{54375997-44B5-4CE0-AE45-D3DC6037E727}.Debug|Any CPU.Build.0 = Debug|Any CPU
		{54375997-44B5-4CE0-AE45-D3DC6037E727}.Debug|x64.ActiveCfg = Debug|Any CPU
		{54375997-44B5-4CE0-AE45-D3DC6037E727}.Debug|x64.Build.0 = Debug|Any CPU
		{54375997-44B5-4CE0-AE45-D3DC6037E727}.Debug|x86.ActiveCfg = Debug|Any CPU
		{54375997-44B5-4CE0-AE45-D3DC6037E727}.Debug|x86.Build.0 = Debug|Any CPU
		{54375997-44B5-4CE0-AE45-D3DC6037E727}.DebugXP|Any CPU.ActiveCfg = DebugXP|Any CPU
		{54375997-44B5-4CE0-AE45-D3DC6037E727}.DebugXP|Any CPU.Build.0 = DebugXP|Any CPU
		{54375997-44B5-4CE0-AE45-D3DC6037E727}.DebugXP|x64.ActiveCfg = DebugXP|Any CPU
		{54375997-44B5-4CE0-AE45-D3DC6037E727}.DebugXP|x64.Build.0 = DebugXP|Any CPU
		{54375997-44B5-4CE0-AE45-D3DC6037E727}.DebugXP|x86.ActiveCfg = DebugXP|Any CPU
		{54375997-44B5-4CE0-AE45-D3DC6037E727}.DebugXP|x86.Build.0 = DebugXP|Any CPU
		{54375997-44B5-4CE0-AE45-D3DC6037E727}.Release|Any CPU.ActiveCfg = Release|Any CPU
		{54375997-44B5-4CE0-AE45-D3DC6037E727}.Release|Any CPU.Build.0 = Release|Any CPU
		{54375997-44B5-4CE0-AE45-D3DC6037E727}.Release|x64.ActiveCfg = Release|Any CPU
		{54375997-44B5-4CE0-AE45-D3DC6037E727}.Release|x64.Build.0 = Release|Any CPU
		{54375997-44B5-4CE0-AE45-D3DC6037E727}.Release|x86.ActiveCfg = Release|Any CPU
		{54375997-44B5-4CE0-AE45-D3DC6037E727}.Release|x86.Build.0 = Release|Any CPU
		{54375997-44B5-4CE0-AE45-D3DC6037E727}.ReleaseXP|Any CPU.ActiveCfg = ReleaseXP|Any CPU
		{54375997-44B5-4CE0-AE45-D3DC6037E727}.ReleaseXP|Any CPU.Build.0 = ReleaseXP|Any CPU
		{54375997-44B5-4CE0-AE45-D3DC6037E727}.ReleaseXP|x64.ActiveCfg = ReleaseXP|Any CPU
		{54375997-44B5-4CE0-AE45-D3DC6037E727}.ReleaseXP|x64.Build.0 = ReleaseXP|Any CPU
		{54375997-44B5-4CE0-AE45-D3DC6037E727}.ReleaseXP|x86.ActiveCfg = ReleaseXP|Any CPU
		{54375997-44B5-4CE0-AE45-D3DC6037E727}.ReleaseXP|x86.Build.0 = ReleaseXP|Any CPU
		{69725F72-088D-42CC-A87B-6A493A31EB92}.Debug|Any CPU.ActiveCfg = Debug|Any CPU
		{69725F72-088D-42CC-A87B-6A493A31EB92}.Debug|Any CPU.Build.0 = Debug|Any CPU
		{69725F72-088D-42CC-A87B-6A493A31EB92}.Debug|x64.ActiveCfg = Debug|Any CPU
		{69725F72-088D-42CC-A87B-6A493A31EB92}.Debug|x64.Build.0 = Debug|Any CPU
		{69725F72-088D-42CC-A87B-6A493A31EB92}.Debug|x86.ActiveCfg = Debug|Any CPU
		{69725F72-088D-42CC-A87B-6A493A31EB92}.Debug|x86.Build.0 = Debug|Any CPU
		{69725F72-088D-42CC-A87B-6A493A31EB92}.DebugXP|Any CPU.ActiveCfg = DebugXP|Any CPU
		{69725F72-088D-42CC-A87B-6A493A31EB92}.DebugXP|Any CPU.Build.0 = DebugXP|Any CPU
		{69725F72-088D-42CC-A87B-6A493A31EB92}.DebugXP|x64.ActiveCfg = Debug|Any CPU
		{69725F72-088D-42CC-A87B-6A493A31EB92}.DebugXP|x64.Build.0 = Debug|Any CPU
		{69725F72-088D-42CC-A87B-6A493A31EB92}.DebugXP|x86.ActiveCfg = Debug|Any CPU
		{69725F72-088D-42CC-A87B-6A493A31EB92}.DebugXP|x86.Build.0 = Debug|Any CPU
		{69725F72-088D-42CC-A87B-6A493A31EB92}.Release|Any CPU.ActiveCfg = Release|Any CPU
		{69725F72-088D-42CC-A87B-6A493A31EB92}.Release|Any CPU.Build.0 = Release|Any CPU
		{69725F72-088D-42CC-A87B-6A493A31EB92}.Release|x64.ActiveCfg = Release|Any CPU
		{69725F72-088D-42CC-A87B-6A493A31EB92}.Release|x64.Build.0 = Release|Any CPU
		{69725F72-088D-42CC-A87B-6A493A31EB92}.Release|x86.ActiveCfg = Release|Any CPU
		{69725F72-088D-42CC-A87B-6A493A31EB92}.Release|x86.Build.0 = Release|Any CPU
		{69725F72-088D-42CC-A87B-6A493A31EB92}.ReleaseXP|Any CPU.ActiveCfg = ReleaseXP|Any CPU
		{69725F72-088D-42CC-A87B-6A493A31EB92}.ReleaseXP|Any CPU.Build.0 = ReleaseXP|Any CPU
		{69725F72-088D-42CC-A87B-6A493A31EB92}.ReleaseXP|x64.ActiveCfg = ReleaseXP|Any CPU
		{69725F72-088D-42CC-A87B-6A493A31EB92}.ReleaseXP|x64.Build.0 = ReleaseXP|Any CPU
		{69725F72-088D-42CC-A87B-6A493A31EB92}.ReleaseXP|x86.ActiveCfg = ReleaseXP|Any CPU
		{69725F72-088D-42CC-A87B-6A493A31EB92}.ReleaseXP|x86.Build.0 = ReleaseXP|Any CPU
		{B334C1DD-62C8-64BF-2554-8A7FF500B772}.Debug|Any CPU.ActiveCfg = Debug|Any CPU
		{B334C1DD-62C8-64BF-2554-8A7FF500B772}.Debug|Any CPU.Build.0 = Debug|Any CPU
		{B334C1DD-62C8-64BF-2554-8A7FF500B772}.Debug|x64.ActiveCfg = Debug|Any CPU
		{B334C1DD-62C8-64BF-2554-8A7FF500B772}.Debug|x64.Build.0 = Debug|Any CPU
		{B334C1DD-62C8-64BF-2554-8A7FF500B772}.Debug|x86.ActiveCfg = Debug|Any CPU
		{B334C1DD-62C8-64BF-2554-8A7FF500B772}.Debug|x86.Build.0 = Debug|Any CPU
		{B334C1DD-62C8-64BF-2554-8A7FF500B772}.DebugXP|Any CPU.ActiveCfg = Debug|Any CPU
		{B334C1DD-62C8-64BF-2554-8A7FF500B772}.DebugXP|Any CPU.Build.0 = Debug|Any CPU
		{B334C1DD-62C8-64BF-2554-8A7FF500B772}.DebugXP|x64.ActiveCfg = Debug|Any CPU
		{B334C1DD-62C8-64BF-2554-8A7FF500B772}.DebugXP|x64.Build.0 = Debug|Any CPU
		{B334C1DD-62C8-64BF-2554-8A7FF500B772}.DebugXP|x86.ActiveCfg = Debug|Any CPU
		{B334C1DD-62C8-64BF-2554-8A7FF500B772}.DebugXP|x86.Build.0 = Debug|Any CPU
		{B334C1DD-62C8-64BF-2554-8A7FF500B772}.Release|Any CPU.ActiveCfg = Release|Any CPU
		{B334C1DD-62C8-64BF-2554-8A7FF500B772}.Release|Any CPU.Build.0 = Release|Any CPU
		{B334C1DD-62C8-64BF-2554-8A7FF500B772}.Release|x64.ActiveCfg = Release|Any CPU
		{B334C1DD-62C8-64BF-2554-8A7FF500B772}.Release|x64.Build.0 = Release|Any CPU
		{B334C1DD-62C8-64BF-2554-8A7FF500B772}.Release|x86.ActiveCfg = Release|Any CPU
		{B334C1DD-62C8-64BF-2554-8A7FF500B772}.Release|x86.Build.0 = Release|Any CPU
		{B334C1DD-62C8-64BF-2554-8A7FF500B772}.ReleaseXP|Any CPU.ActiveCfg = Release|Any CPU
		{B334C1DD-62C8-64BF-2554-8A7FF500B772}.ReleaseXP|Any CPU.Build.0 = Release|Any CPU
		{B334C1DD-62C8-64BF-2554-8A7FF500B772}.ReleaseXP|x64.ActiveCfg = Release|Any CPU
		{B334C1DD-62C8-64BF-2554-8A7FF500B772}.ReleaseXP|x64.Build.0 = Release|Any CPU
		{B334C1DD-62C8-64BF-2554-8A7FF500B772}.ReleaseXP|x86.ActiveCfg = Release|Any CPU
		{B334C1DD-62C8-64BF-2554-8A7FF500B772}.ReleaseXP|x86.Build.0 = Release|Any CPU
		{6E0CE4A9-6B86-908E-5968-8BCF84ABFCE2}.Debug|Any CPU.ActiveCfg = Debug|Any CPU
		{6E0CE4A9-6B86-908E-5968-8BCF84ABFCE2}.Debug|Any CPU.Build.0 = Debug|Any CPU
		{6E0CE4A9-6B86-908E-5968-8BCF84ABFCE2}.Debug|x64.ActiveCfg = Debug|Any CPU
		{6E0CE4A9-6B86-908E-5968-8BCF84ABFCE2}.Debug|x64.Build.0 = Debug|Any CPU
		{6E0CE4A9-6B86-908E-5968-8BCF84ABFCE2}.Debug|x86.ActiveCfg = Debug|Any CPU
		{6E0CE4A9-6B86-908E-5968-8BCF84ABFCE2}.Debug|x86.Build.0 = Debug|Any CPU
		{6E0CE4A9-6B86-908E-5968-8BCF84ABFCE2}.DebugXP|Any CPU.ActiveCfg = Debug|Any CPU
		{6E0CE4A9-6B86-908E-5968-8BCF84ABFCE2}.DebugXP|Any CPU.Build.0 = Debug|Any CPU
		{6E0CE4A9-6B86-908E-5968-8BCF84ABFCE2}.DebugXP|x64.ActiveCfg = Debug|Any CPU
		{6E0CE4A9-6B86-908E-5968-8BCF84ABFCE2}.DebugXP|x64.Build.0 = Debug|Any CPU
		{6E0CE4A9-6B86-908E-5968-8BCF84ABFCE2}.DebugXP|x86.ActiveCfg = Debug|Any CPU
		{6E0CE4A9-6B86-908E-5968-8BCF84ABFCE2}.DebugXP|x86.Build.0 = Debug|Any CPU
		{6E0CE4A9-6B86-908E-5968-8BCF84ABFCE2}.Release|Any CPU.ActiveCfg = Release|Any CPU
		{6E0CE4A9-6B86-908E-5968-8BCF84ABFCE2}.Release|Any CPU.Build.0 = Release|Any CPU
		{6E0CE4A9-6B86-908E-5968-8BCF84ABFCE2}.Release|x64.ActiveCfg = Release|Any CPU
		{6E0CE4A9-6B86-908E-5968-8BCF84ABFCE2}.Release|x64.Build.0 = Release|Any CPU
		{6E0CE4A9-6B86-908E-5968-8BCF84ABFCE2}.Release|x86.ActiveCfg = Release|Any CPU
		{6E0CE4A9-6B86-908E-5968-8BCF84ABFCE2}.Release|x86.Build.0 = Release|Any CPU
		{6E0CE4A9-6B86-908E-5968-8BCF84ABFCE2}.ReleaseXP|Any CPU.ActiveCfg = Release|Any CPU
		{6E0CE4A9-6B86-908E-5968-8BCF84ABFCE2}.ReleaseXP|Any CPU.Build.0 = Release|Any CPU
		{6E0CE4A9-6B86-908E-5968-8BCF84ABFCE2}.ReleaseXP|x64.ActiveCfg = Release|Any CPU
		{6E0CE4A9-6B86-908E-5968-8BCF84ABFCE2}.ReleaseXP|x64.Build.0 = Release|Any CPU
		{6E0CE4A9-6B86-908E-5968-8BCF84ABFCE2}.ReleaseXP|x86.ActiveCfg = Release|Any CPU
		{6E0CE4A9-6B86-908E-5968-8BCF84ABFCE2}.ReleaseXP|x86.Build.0 = Release|Any CPU
		{A03F3047-76B2-A544-8D18-A41F178A4F16}.Debug|Any CPU.ActiveCfg = Debug|Any CPU
		{A03F3047-76B2-A544-8D18-A41F178A4F16}.Debug|Any CPU.Build.0 = Debug|Any CPU
		{A03F3047-76B2-A544-8D18-A41F178A4F16}.Debug|x64.ActiveCfg = Debug|Any CPU
		{A03F3047-76B2-A544-8D18-A41F178A4F16}.Debug|x64.Build.0 = Debug|Any CPU
		{A03F3047-76B2-A544-8D18-A41F178A4F16}.Debug|x86.ActiveCfg = Debug|Any CPU
		{A03F3047-76B2-A544-8D18-A41F178A4F16}.Debug|x86.Build.0 = Debug|Any CPU
		{A03F3047-76B2-A544-8D18-A41F178A4F16}.DebugXP|Any CPU.ActiveCfg = Debug|Any CPU
		{A03F3047-76B2-A544-8D18-A41F178A4F16}.DebugXP|Any CPU.Build.0 = Debug|Any CPU
		{A03F3047-76B2-A544-8D18-A41F178A4F16}.DebugXP|x64.ActiveCfg = Debug|Any CPU
		{A03F3047-76B2-A544-8D18-A41F178A4F16}.DebugXP|x64.Build.0 = Debug|Any CPU
		{A03F3047-76B2-A544-8D18-A41F178A4F16}.DebugXP|x86.ActiveCfg = Debug|Any CPU
		{A03F3047-76B2-A544-8D18-A41F178A4F16}.DebugXP|x86.Build.0 = Debug|Any CPU
		{A03F3047-76B2-A544-8D18-A41F178A4F16}.Release|Any CPU.ActiveCfg = Release|Any CPU
		{A03F3047-76B2-A544-8D18-A41F178A4F16}.Release|Any CPU.Build.0 = Release|Any CPU
		{A03F3047-76B2-A544-8D18-A41F178A4F16}.Release|x64.ActiveCfg = Release|Any CPU
		{A03F3047-76B2-A544-8D18-A41F178A4F16}.Release|x64.Build.0 = Release|Any CPU
		{A03F3047-76B2-A544-8D18-A41F178A4F16}.Release|x86.ActiveCfg = Release|Any CPU
		{A03F3047-76B2-A544-8D18-A41F178A4F16}.Release|x86.Build.0 = Release|Any CPU
		{A03F3047-76B2-A544-8D18-A41F178A4F16}.ReleaseXP|Any CPU.ActiveCfg = Release|Any CPU
		{A03F3047-76B2-A544-8D18-A41F178A4F16}.ReleaseXP|Any CPU.Build.0 = Release|Any CPU
		{A03F3047-76B2-A544-8D18-A41F178A4F16}.ReleaseXP|x64.ActiveCfg = Release|Any CPU
		{A03F3047-76B2-A544-8D18-A41F178A4F16}.ReleaseXP|x64.Build.0 = Release|Any CPU
		{A03F3047-76B2-A544-8D18-A41F178A4F16}.ReleaseXP|x86.ActiveCfg = Release|Any CPU
		{A03F3047-76B2-A544-8D18-A41F178A4F16}.ReleaseXP|x86.Build.0 = Release|Any CPU
		{C16F9768-2D5F-B38D-4635-10BB39496463}.Debug|Any CPU.ActiveCfg = Debug|Any CPU
		{C16F9768-2D5F-B38D-4635-10BB39496463}.Debug|Any CPU.Build.0 = Debug|Any CPU
		{C16F9768-2D5F-B38D-4635-10BB39496463}.Debug|x64.ActiveCfg = Debug|Any CPU
		{C16F9768-2D5F-B38D-4635-10BB39496463}.Debug|x64.Build.0 = Debug|Any CPU
		{C16F9768-2D5F-B38D-4635-10BB39496463}.Debug|x86.ActiveCfg = Debug|Any CPU
		{C16F9768-2D5F-B38D-4635-10BB39496463}.Debug|x86.Build.0 = Debug|Any CPU
		{C16F9768-2D5F-B38D-4635-10BB39496463}.DebugXP|Any CPU.ActiveCfg = Debug|Any CPU
		{C16F9768-2D5F-B38D-4635-10BB39496463}.DebugXP|Any CPU.Build.0 = Debug|Any CPU
		{C16F9768-2D5F-B38D-4635-10BB39496463}.DebugXP|x64.ActiveCfg = Debug|Any CPU
		{C16F9768-2D5F-B38D-4635-10BB39496463}.DebugXP|x64.Build.0 = Debug|Any CPU
		{C16F9768-2D5F-B38D-4635-10BB39496463}.DebugXP|x86.ActiveCfg = Debug|Any CPU
		{C16F9768-2D5F-B38D-4635-10BB39496463}.DebugXP|x86.Build.0 = Debug|Any CPU
		{C16F9768-2D5F-B38D-4635-10BB39496463}.Release|Any CPU.ActiveCfg = Release|Any CPU
		{C16F9768-2D5F-B38D-4635-10BB39496463}.Release|Any CPU.Build.0 = Release|Any CPU
		{C16F9768-2D5F-B38D-4635-10BB39496463}.Release|x64.ActiveCfg = Release|Any CPU
		{C16F9768-2D5F-B38D-4635-10BB39496463}.Release|x64.Build.0 = Release|Any CPU
		{C16F9768-2D5F-B38D-4635-10BB39496463}.Release|x86.ActiveCfg = Release|Any CPU
		{C16F9768-2D5F-B38D-4635-10BB39496463}.Release|x86.Build.0 = Release|Any CPU
		{C16F9768-2D5F-B38D-4635-10BB39496463}.ReleaseXP|Any CPU.ActiveCfg = Release|Any CPU
		{C16F9768-2D5F-B38D-4635-10BB39496463}.ReleaseXP|Any CPU.Build.0 = Release|Any CPU
		{C16F9768-2D5F-B38D-4635-10BB39496463}.ReleaseXP|x64.ActiveCfg = Release|Any CPU
		{C16F9768-2D5F-B38D-4635-10BB39496463}.ReleaseXP|x64.Build.0 = Release|Any CPU
		{C16F9768-2D5F-B38D-4635-10BB39496463}.ReleaseXP|x86.ActiveCfg = Release|Any CPU
		{C16F9768-2D5F-B38D-4635-10BB39496463}.ReleaseXP|x86.Build.0 = Release|Any CPU
		{5781B635-F894-F48D-8595-00A44E3D23BD}.Debug|Any CPU.ActiveCfg = Debug|Any CPU
		{5781B635-F894-F48D-8595-00A44E3D23BD}.Debug|Any CPU.Build.0 = Debug|Any CPU
		{5781B635-F894-F48D-8595-00A44E3D23BD}.Debug|x64.ActiveCfg = Debug|Any CPU
		{5781B635-F894-F48D-8595-00A44E3D23BD}.Debug|x64.Build.0 = Debug|Any CPU
		{5781B635-F894-F48D-8595-00A44E3D23BD}.Debug|x86.ActiveCfg = Debug|Any CPU
		{5781B635-F894-F48D-8595-00A44E3D23BD}.Debug|x86.Build.0 = Debug|Any CPU
		{5781B635-F894-F48D-8595-00A44E3D23BD}.DebugXP|Any CPU.ActiveCfg = Debug|Any CPU
		{5781B635-F894-F48D-8595-00A44E3D23BD}.DebugXP|Any CPU.Build.0 = Debug|Any CPU
		{5781B635-F894-F48D-8595-00A44E3D23BD}.DebugXP|x64.ActiveCfg = Debug|Any CPU
		{5781B635-F894-F48D-8595-00A44E3D23BD}.DebugXP|x64.Build.0 = Debug|Any CPU
		{5781B635-F894-F48D-8595-00A44E3D23BD}.DebugXP|x86.ActiveCfg = Debug|Any CPU
		{5781B635-F894-F48D-8595-00A44E3D23BD}.DebugXP|x86.Build.0 = Debug|Any CPU
		{5781B635-F894-F48D-8595-00A44E3D23BD}.Release|Any CPU.ActiveCfg = Release|Any CPU
		{5781B635-F894-F48D-8595-00A44E3D23BD}.Release|Any CPU.Build.0 = Release|Any CPU
		{5781B635-F894-F48D-8595-00A44E3D23BD}.Release|x64.ActiveCfg = Release|Any CPU
		{5781B635-F894-F48D-8595-00A44E3D23BD}.Release|x64.Build.0 = Release|Any CPU
		{5781B635-F894-F48D-8595-00A44E3D23BD}.Release|x86.ActiveCfg = Release|Any CPU
		{5781B635-F894-F48D-8595-00A44E3D23BD}.Release|x86.Build.0 = Release|Any CPU
		{5781B635-F894-F48D-8595-00A44E3D23BD}.ReleaseXP|Any CPU.ActiveCfg = Release|Any CPU
		{5781B635-F894-F48D-8595-00A44E3D23BD}.ReleaseXP|Any CPU.Build.0 = Release|Any CPU
		{5781B635-F894-F48D-8595-00A44E3D23BD}.ReleaseXP|x64.ActiveCfg = Release|Any CPU
		{5781B635-F894-F48D-8595-00A44E3D23BD}.ReleaseXP|x64.Build.0 = Release|Any CPU
		{5781B635-F894-F48D-8595-00A44E3D23BD}.ReleaseXP|x86.ActiveCfg = Release|Any CPU
		{5781B635-F894-F48D-8595-00A44E3D23BD}.ReleaseXP|x86.Build.0 = Release|Any CPU
	EndGlobalSection
	GlobalSection(SolutionProperties) = preSolution
		HideSolutionNode = FALSE
	EndGlobalSection
	GlobalSection(ExtensibilityGlobals) = postSolution
		SolutionGuid = {BB5C64EF-AADE-4BCB-B5A8-D29B5B267F69}
	EndGlobalSection
EndGlobal
